
Microsoft Visual Studio Solution File, Format Version 12.00
# Visual Studio Version 17
VisualStudioVersion = 17.11.35222.181
MinimumVisualStudioVersion = 10.0.40219.1
Project("{FAE04EC0-301F-11D3-BF4B-00C04F79EFBC}") = "Api", "Api.csproj", "{1E11722B-4AA0-4F5A-B294-C4C27ACFAE37}"
EndProject
Global
	GlobalSection(SolutionConfigurationPlatforms) = preSolution
		Debug|Any CPU = Debug|Any CPU
		Release|Any CPU = Release|Any CPU
	EndGlobalSection
	GlobalSection(ProjectConfigurationPlatforms) = postSolution
		{1E11722B-4AA0-4F5A-B294-C4C27ACFAE37}.Debug|Any CPU.ActiveCfg = Debug|Any CPU
		{1E11722B-4AA0-4F5A-B294-C4C27ACFAE37}.Debug|Any CPU.Build.0 = Debug|Any CPU
		{1E11722B-4AA0-4F5A-B294-C4C27ACFAE37}.Release|Any CPU.ActiveCfg = Release|Any CPU
		{1E11722B-4AA0-4F5A-B294-C4C27ACFAE37}.Release|Any CPU.Build.0 = Release|Any CPU
	EndGlobalSection
	GlobalSection(SolutionProperties) = preSolution
		HideSolutionNode = FALSE
	EndGlobalSection
	GlobalSection(ExtensibilityGlobals) = postSolution
		SolutionGuid = {57B07DE8-0CC0-44F8-8586-1641A6A19640}
	EndGlobalSection
EndGlobal
